GIT
  remote: git://github.com/clayallsopp/formotion.git
  revision: 1a411de24d58591a5ac64c17b78d305dc85a98c5
  branch: master
  specs:
    formotion (1.8)
      bubble-wrap (>= 1.4.0)
      motion-require (>= 0.1.0)

GIT
  remote: git://github.com/clearsightstudio/ProMotion-menu.git
  revision: 60e00fa794d37845d2fdbe9103a4756f9426c92f
  branch: shadow
  specs:
    ProMotion-menu (1.0.0.beta2)
      ProMotion (~> 2)
      motion-cocoapods

GIT
  remote: git://github.com/infinitered/cdq.git
  revision: 8d6b967e42ee0c949eac1c42ba7e7c92c02fd632
  specs:
    cdq (0.1.11)
      motion-yaml
      ruby-xcdm (~> 0.0, >= 0.0.8)

GIT
  remote: git://github.com/infinitered/ruby-xcdm.git
  revision: 4c0692203a0821843fb080b47bf70b2f55287ad1
  specs:
    ruby-xcdm (0.0.8)
      activesupport (~> 3.2)
      builder (~> 3.2)
      plist (~> 3.1)

GIT
  remote: git://github.com/rubymotion/BubbleWrap.git
  revision: afa40a8cf66273610db989691f3da8a0c70c2f96
  specs:
    bubble-wrap (1.7.1)
      bubble-wrap-http (= 1.7.1)

PATH
  remote: ../ProMotion
  specs:
    ProMotion (2.1.0)
      methadone (~> 1.7)

GEM
  remote: https://rubygems.org/
  specs:
    activesupport (3.2.21)
      i18n (~> 0.6, >= 0.6.4)
      multi_json (~> 1.0)
    afmotion (2.4.1)
      motion-cocoapods (>= 1.4.1)
      motion-require (>= 0.1)
    bubble-wrap-http (1.7.1)
    builder (3.2.2)
    claide (0.7.0)
    cocoapods (0.35.0)
      activesupport (>= 3.2.15)
      claide (~> 0.7.0)
      cocoapods-core (= 0.35.0)
      cocoapods-downloader (~> 0.8.0)
      cocoapods-plugins (~> 0.3.1)
      cocoapods-trunk (~> 0.4.1)
      cocoapods-try (~> 0.4.2)
      colored (~> 1.2)
      escape (~> 0.0.4)
      molinillo (~> 0.1.2)
      nap (~> 0.8)
      open4 (~> 1.3)
      xcodeproj (~> 0.20.2)
    cocoapods-core (0.35.0)
      activesupport (>= 3.2.15)
      fuzzy_match (~> 2.0.4)
      nap (~> 0.8.0)
    cocoapods-downloader (0.8.0)
    cocoapods-plugins (0.3.2)
      nap
    cocoapods-trunk (0.4.1)
      nap (>= 0.8)
      netrc (= 0.7.8)
    cocoapods-try (0.4.2)
    colored (1.2)
    escape (0.0.4)
    fuzzy_match (2.0.4)
    i18n (0.6.11)
    methadone (1.8.0)
      bundler
    molinillo (0.1.2)
    motion-blitz (1.1.0)
      motion-cocoapods (>= 1.4.0)
    motion-cocoapods (1.7.0)
      cocoapods (>= 0.34)
    motion-require (0.2.0)
    motion-yaml (1.3)
    motion_print (0.0.4)
    multi_json (1.10.1)
    nap (0.8.0)
    netrc (0.7.8)
    open4 (1.3.4)
    plist (3.1.0)
    rake (10.3.2)
    ruby_motion_query (0.9.0)
    xcodeproj (0.20.2)
      activesupport (>= 3)
      colored (~> 1.2)

PLATFORMS
  ruby

DEPENDENCIES
  ProMotion!
  ProMotion-menu!
  afmotion
  bubble-wrap!
  cdq!
  cocoapods
  formotion!
  motion-blitz
  motion-cocoapods
  motion_print
  rake
  ruby-xcdm!
  ruby_motion_query
